{
  "name": "notionwiki",
  "version": "0.1.4",
  "lockfileVersion": 3,
  "requires": true,
  "packages": {
    "": {
      "name": "notionwiki",
      "version": "0.1.4",
      "hasInstallScript": true,
      "license": "MIT",
      "os": [
        "darwin",
        "linux",
        "win32"
      ],
      "bin": {
        "notionwiki": "bin/notionwiki.js",
        "nw": "bin/notionwiki.js"
      },
      "engines": {
        "node": ">=16"
      }
    }
  }
}
